
Microsoft Visual Studio Solution File, Format Version 12.00
# Visual Studio 14
VisualStudioVersion = 14.0.24720.0
MinimumVisualStudioVersion = 10.0.40219.1
Project("{8BC9CEB8-8B4A-11D0-8D11-00A0C91BC942}") = "YRenderLib", "Source\YRenderLib\YRenderLib.vcxproj", "{4D8B1370-ECB8-463B-AB19-7800DBEF1A23}"
EndProject
Project("{8BC9CEB8-8B4A-11D0-8D11-00A0C91BC942}") = "YBaseLib", "Dependancies\YBaseLib\Source\YBaseLib.vcxproj", "{B56CE698-7300-4FA5-9609-942F1D05C5A2}"
EndProject
Project("{8BC9CEB8-8B4A-11D0-8D11-00A0C91BC942}") = "BlankScreen", "Tests\BlankScreen\BlankScreen.vcxproj", "{FD806C6F-5760-4706-8F97-B220154363B5}"
EndProject
Project("{8BC9CEB8-8B4A-11D0-8D11-00A0C91BC942}") = "HelloTriangle", "Tests\HelloTriangle\HelloTriangle.vcxproj", "{7E9D46CC-EF4E-4078-A7B2-35B9719A1559}"
EndProject
Project("{2150E333-8FDC-42A3-9474-1A3956D46DE8}") = "Library", "Library", "{AE4C6FD4-EC79-4B4A-A6C4-67C9772F634D}"
EndProject
Project("{2150E333-8FDC-42A3-9474-1A3956D46DE8}") = "Dependancies", "Dependancies", "{7FD5E6EE-8033-44CC-8CDD-A0DF2F5478C7}"
EndProject
Project("{2150E333-8FDC-42A3-9474-1A3956D46DE8}") = "Tests", "Tests", "{1C306470-60AA-4A2B-9BF3-11D87937C803}"
EndProject
Project("{8BC9CEB8-8B4A-11D0-8D11-00A0C91BC942}") = "ImGuiTestWindow", "Tests\ImGuiTestWindow\ImGuiTestWindow.vcxproj", "{00A71406-6AAC-4484-A66F-D579EBE32730}"
EndProject
Project("{8BC9CEB8-8B4A-11D0-8D11-00A0C91BC942}") = "YRenderLibD3D11Backend", "Source\YRenderLib\YRenderLibD3D11Backend.vcxproj", "{BA9004C7-4200-4A33-8638-20783B36E3BA}"
EndProject
Project("{8BC9CEB8-8B4A-11D0-8D11-00A0C91BC942}") = "YRenderLibImGui", "Source\YRenderLib\YRenderLibImGui.vcxproj", "{EFA5B850-F414-40B6-837E-AC6732F3B822}"
EndProject
Project("{8BC9CEB8-8B4A-11D0-8D11-00A0C91BC942}") = "YRenderLibMath", "Source\YRenderLib\YRenderLibMath.vcxproj", "{7E7EC4E1-2681-472B-9848-A53D8DCBBDBC}"
EndProject
Project("{8BC9CEB8-8B4A-11D0-8D11-00A0C91BC942}") = "YRenderLibShaderCompiler", "Source\YRenderLib\YRenderLibShaderCompiler.vcxproj", "{8228BC34-F9EC-4CDE-96F7-B671847B42F2}"
EndProject
Project("{2150E333-8FDC-42A3-9474-1A3956D46DE8}") = "Backends", "Backends", "{575776C1-28FA-4963-A999-AEC3153713A9}"
EndProject
Global
	GlobalSection(SolutionConfigurationPlatforms) = preSolution
		Debug|x64 = Debug|x64
		Debug|x86 = Debug|x86
		Release|x64 = Release|x64
		Release|x86 = Release|x86
	EndGlobalSection
	GlobalSection(ProjectConfigurationPlatforms) = postSolution
		{4D8B1370-ECB8-463B-AB19-7800DBEF1A23}.Debug|x64.ActiveCfg = Debug|x64
		{4D8B1370-ECB8-463B-AB19-7800DBEF1A23}.Debug|x64.Build.0 = Debug|x64
		{4D8B1370-ECB8-463B-AB19-7800DBEF1A23}.Debug|x86.ActiveCfg = Debug|Win32
		{4D8B1370-ECB8-463B-AB19-7800DBEF1A23}.Debug|x86.Build.0 = Debug|Win32
		{4D8B1370-ECB8-463B-AB19-7800DBEF1A23}.Release|x64.ActiveCfg = Release|x64
		{4D8B1370-ECB8-463B-AB19-7800DBEF1A23}.Release|x64.Build.0 = Release|x64
		{4D8B1370-ECB8-463B-AB19-7800DBEF1A23}.Release|x86.ActiveCfg = Release|Win32
		{4D8B1370-ECB8-463B-AB19-7800DBEF1A23}.Release|x86.Build.0 = Release|Win32
		{B56CE698-7300-4FA5-9609-942F1D05C5A2}.Debug|x64.ActiveCfg = Debug|x64
		{B56CE698-7300-4FA5-9609-942F1D05C5A2}.Debug|x64.Build.0 = Debug|x64
		{B56CE698-7300-4FA5-9609-942F1D05C5A2}.Debug|x86.ActiveCfg = Debug|Win32
		{B56CE698-7300-4FA5-9609-942F1D05C5A2}.Debug|x86.Build.0 = Debug|Win32
		{B56CE698-7300-4FA5-9609-942F1D05C5A2}.Release|x64.ActiveCfg = Release|x64
		{B56CE698-7300-4FA5-9609-942F1D05C5A2}.Release|x64.Build.0 = Release|x64
		{B56CE698-7300-4FA5-9609-942F1D05C5A2}.Release|x86.ActiveCfg = Release|Win32
		{B56CE698-7300-4FA5-9609-942F1D05C5A2}.Release|x86.Build.0 = Release|Win32
		{FD806C6F-5760-4706-8F97-B220154363B5}.Debug|x64.ActiveCfg = Debug|x64
		{FD806C6F-5760-4706-8F97-B220154363B5}.Debug|x64.Build.0 = Debug|x64
		{FD806C6F-5760-4706-8F97-B220154363B5}.Debug|x86.ActiveCfg = Debug|Win32
		{FD806C6F-5760-4706-8F97-B220154363B5}.Debug|x86.Build.0 = Debug|Win32
		{FD806C6F-5760-4706-8F97-B220154363B5}.Release|x64.ActiveCfg = Release|x64
		{FD806C6F-5760-4706-8F97-B220154363B5}.Release|x64.Build.0 = Release|x64
		{FD806C6F-5760-4706-8F97-B220154363B5}.Release|x86.ActiveCfg = Release|Win32
		{FD806C6F-5760-4706-8F97-B220154363B5}.Release|x86.Build.0 = Release|Win32
		{7E9D46CC-EF4E-4078-A7B2-35B9719A1559}.Debug|x64.ActiveCfg = Debug|x64
		{7E9D46CC-EF4E-4078-A7B2-35B9719A1559}.Debug|x64.Build.0 = Debug|x64
		{7E9D46CC-EF4E-4078-A7B2-35B9719A1559}.Debug|x86.ActiveCfg = Debug|Win32
		{7E9D46CC-EF4E-4078-A7B2-35B9719A1559}.Debug|x86.Build.0 = Debug|Win32
		{7E9D46CC-EF4E-4078-A7B2-35B9719A1559}.Release|x64.ActiveCfg = Release|x64
		{7E9D46CC-EF4E-4078-A7B2-35B9719A1559}.Release|x64.Build.0 = Release|x64
		{7E9D46CC-EF4E-4078-A7B2-35B9719A1559}.Release|x86.ActiveCfg = Release|Win32
		{7E9D46CC-EF4E-4078-A7B2-35B9719A1559}.Release|x86.Build.0 = Release|Win32
		{00A71406-6AAC-4484-A66F-D579EBE32730}.Debug|x64.ActiveCfg = Debug|x64
		{00A71406-6AAC-4484-A66F-D579EBE32730}.Debug|x64.Build.0 = Debug|x64
		{00A71406-6AAC-4484-A66F-D579EBE32730}.Debug|x86.ActiveCfg = Debug|Win32
		{00A71406-6AAC-4484-A66F-D579EBE32730}.Debug|x86.Build.0 = Debug|Win32
		{00A71406-6AAC-4484-A66F-D579EBE32730}.Release|x64.ActiveCfg = Release|x64
		{00A71406-6AAC-4484-A66F-D579EBE32730}.Release|x64.Build.0 = Release|x64
		{00A71406-6AAC-4484-A66F-D579EBE32730}.Release|x86.ActiveCfg = Release|Win32
		{00A71406-6AAC-4484-A66F-D579EBE32730}.Release|x86.Build.0 = Release|Win32
		{BA9004C7-4200-4A33-8638-20783B36E3BA}.Debug|x64.ActiveCfg = Debug|x64
		{BA9004C7-4200-4A33-8638-20783B36E3BA}.Debug|x64.Build.0 = Debug|x64
		{BA9004C7-4200-4A33-8638-20783B36E3BA}.Debug|x86.ActiveCfg = Debug|Win32
		{BA9004C7-4200-4A33-8638-20783B36E3BA}.Debug|x86.Build.0 = Debug|Win32
		{BA9004C7-4200-4A33-8638-20783B36E3BA}.Release|x64.ActiveCfg = Release|x64
		{BA9004C7-4200-4A33-8638-20783B36E3BA}.Release|x64.Build.0 = Release|x64
		{BA9004C7-4200-4A33-8638-20783B36E3BA}.Release|x86.ActiveCfg = Release|Win32
		{BA9004C7-4200-4A33-8638-20783B36E3BA}.Release|x86.Build.0 = Release|Win32
		{EFA5B850-F414-40B6-837E-AC6732F3B822}.Debug|x64.ActiveCfg = Debug|x64
		{EFA5B850-F414-40B6-837E-AC6732F3B822}.Debug|x64.Build.0 = Debug|x64
		{EFA5B850-F414-40B6-837E-AC6732F3B822}.Debug|x86.ActiveCfg = Debug|Win32
		{EFA5B850-F414-40B6-837E-AC6732F3B822}.Debug|x86.Build.0 = Debug|Win32
		{EFA5B850-F414-40B6-837E-AC6732F3B822}.Release|x64.ActiveCfg = Release|x64
		{EFA5B850-F414-40B6-837E-AC6732F3B822}.Release|x64.Build.0 = Release|x64
		{EFA5B850-F414-40B6-837E-AC6732F3B822}.Release|x86.ActiveCfg = Release|Win32
		{EFA5B850-F414-40B6-837E-AC6732F3B822}.Release|x86.Build.0 = Release|Win32
		{7E7EC4E1-2681-472B-9848-A53D8DCBBDBC}.Debug|x64.ActiveCfg = Debug|x64
		{7E7EC4E1-2681-472B-9848-A53D8DCBBDBC}.Debug|x64.Build.0 = Debug|x64
		{7E7EC4E1-2681-472B-9848-A53D8DCBBDBC}.Debug|x86.ActiveCfg = Debug|Win32
		{7E7EC4E1-2681-472B-9848-A53D8DCBBDBC}.Debug|x86.Build.0 = Debug|Win32
		{7E7EC4E1-2681-472B-9848-A53D8DCBBDBC}.Release|x64.ActiveCfg = Release|x64
		{7E7EC4E1-2681-472B-9848-A53D8DCBBDBC}.Release|x64.Build.0 = Release|x64
		{7E7EC4E1-2681-472B-9848-A53D8DCBBDBC}.Release|x86.ActiveCfg = Release|Win32
		{7E7EC4E1-2681-472B-9848-A53D8DCBBDBC}.Release|x86.Build.0 = Release|Win32
		{8228BC34-F9EC-4CDE-96F7-B671847B42F2}.Debug|x64.ActiveCfg = Debug|x64
		{8228BC34-F9EC-4CDE-96F7-B671847B42F2}.Debug|x64.Build.0 = Debug|x64
		{8228BC34-F9EC-4CDE-96F7-B671847B42F2}.Debug|x86.ActiveCfg = Debug|Win32
		{8228BC34-F9EC-4CDE-96F7-B671847B42F2}.Debug|x86.Build.0 = Debug|Win32
		{8228BC34-F9EC-4CDE-96F7-B671847B42F2}.Release|x64.ActiveCfg = Release|x64
		{8228BC34-F9EC-4CDE-96F7-B671847B42F2}.Release|x64.Build.0 = Release|x64
		{8228BC34-F9EC-4CDE-96F7-B671847B42F2}.Release|x86.ActiveCfg = Release|Win32
		{8228BC34-F9EC-4CDE-96F7-B671847B42F2}.Release|x86.Build.0 = Release|Win32
	EndGlobalSection
	GlobalSection(SolutionProperties) = preSolution
		HideSolutionNode = FALSE
	EndGlobalSection
	GlobalSection(NestedProjects) = preSolution
		{4D8B1370-ECB8-463B-AB19-7800DBEF1A23} = {AE4C6FD4-EC79-4B4A-A6C4-67C9772F634D}
		{B56CE698-7300-4FA5-9609-942F1D05C5A2} = {7FD5E6EE-8033-44CC-8CDD-A0DF2F5478C7}
		{FD806C6F-5760-4706-8F97-B220154363B5} = {1C306470-60AA-4A2B-9BF3-11D87937C803}
		{7E9D46CC-EF4E-4078-A7B2-35B9719A1559} = {1C306470-60AA-4A2B-9BF3-11D87937C803}
		{00A71406-6AAC-4484-A66F-D579EBE32730} = {1C306470-60AA-4A2B-9BF3-11D87937C803}
		{BA9004C7-4200-4A33-8638-20783B36E3BA} = {575776C1-28FA-4963-A999-AEC3153713A9}
		{EFA5B850-F414-40B6-837E-AC6732F3B822} = {AE4C6FD4-EC79-4B4A-A6C4-67C9772F634D}
		{7E7EC4E1-2681-472B-9848-A53D8DCBBDBC} = {AE4C6FD4-EC79-4B4A-A6C4-67C9772F634D}
		{8228BC34-F9EC-4CDE-96F7-B671847B42F2} = {AE4C6FD4-EC79-4B4A-A6C4-67C9772F634D}
		{575776C1-28FA-4963-A999-AEC3153713A9} = {AE4C6FD4-EC79-4B4A-A6C4-67C9772F634D}
	EndGlobalSection
EndGlobal
