<?xml version="1.0" encoding="utf-8"?>
<Project ToolsVersion="4.0" xmlns="http://schemas.microsoft.com/developer/msbuild/2003">
  <ItemGroup>
    <ClCompile Include="Vulkan\VulkanDefines.cpp" />
    <ClCompile Include="Vulkan\VulkanBackend.cpp" />
    <ClCompile Include="Vulkan\VulkanImports.cpp" />
    <ClCompile Include="Vulkan\VulkanGPUContext.cpp" />
    <ClCompile Include="Vulkan\VulkanGPUDevice.cpp" />
  </ItemGroup>
  <ItemGroup>
    <ClInclude Include="Vulkan\VulkanDefines.h" />
    <ClInclude Include="Vulkan\VulkanGPUContext.h" />
    <ClInclude Include="Vulkan\VulkanCommon.h" />
    <ClInclude Include="Vulkan\VulkanImports.h" />
    <ClInclude Include="Vulkan\VulkanGPUDevice.h" />
  </ItemGroup>
</Project>